
Microsoft Visual Studio Solution File, Format Version 12.00
# Visual Studio 15
VisualStudioVersion = 15.0.27703.2026
MinimumVisualStudioVersion = 10.0.40219.1
Project("{FAE04EC0-301F-11D3-BF4B-00C04F79EFBC}") = "CompressaoImagem", "CompressaoImagem\CompressaoImagem.csproj", "{6986ADB7-BF8D-4034-B6A6-1DE9BB77CFA2}"
EndProject
Global
	GlobalSection(SolutionConfigurationPlatforms) = preSolution
		Debug|Any CPU = Debug|Any CPU
		Release|Any CPU = Release|Any CPU
	EndGlobalSection
	GlobalSection(ProjectConfigurationPlatforms) = postSolution
		{6986ADB7-BF8D-4034-B6A6-1DE9BB77CFA2}.Debug|Any CPU.ActiveCfg = Debug|Any CPU
		{6986ADB7-BF8D-4034-B6A6-1DE9BB77CFA2}.Debug|Any CPU.Build.0 = Debug|Any CPU
		{6986ADB7-BF8D-4034-B6A6-1DE9BB77CFA2}.Release|Any CPU.ActiveCfg = Release|Any CPU
		{6986ADB7-BF8D-4034-B6A6-1DE9BB77CFA2}.Release|Any CPU.Build.0 = Release|Any CPU
	EndGlobalSection
	GlobalSection(SolutionProperties) = preSolution
		HideSolutionNode = FALSE
	EndGlobalSection
	GlobalSection(ExtensibilityGlobals) = postSolution
		SolutionGuid = {238875DE-6C15-4B95-B195-663516703CD6}
	EndGlobalSection
EndGlobal
